
Microsoft Visual Studio Solution File, Format Version 12.00
# Visual Studio 15
VisualStudioVersion = 15.0.28307.1022
MinimumVisualStudioVersion = 10.0.40219.1
Project("{FAE04EC0-301F-11D3-BF4B-00C04F79EFBC}") = "TodoAPI", "TodoAPI\TodoAPI.csproj", "{A5F07890-F591-41E4-9333-A93E8933112E}"
EndProject
Global
	GlobalSection(SolutionConfigurationPlatforms) = preSolution
		Debug|Any CPU = Debug|Any CPU
		Release|Any CPU = Release|Any CPU
	EndGlobalSection
	GlobalSection(ProjectConfigurationPlatforms) = postSolution
		{A5F07890-F591-41E4-9333-A93E8933112E}.Debug|Any CPU.ActiveCfg = Debug|Any CPU
		{A5F07890-F591-41E4-9333-A93E8933112E}.Debug|Any CPU.Build.0 = Debug|Any CPU
		{A5F07890-F591-41E4-9333-A93E8933112E}.Release|Any CPU.ActiveCfg = Release|Any CPU
		{A5F07890-F591-41E4-9333-A93E8933112E}.Release|Any CPU.Build.0 = Release|Any CPU
	EndGlobalSection
	GlobalSection(SolutionProperties) = preSolution
		HideSolutionNode = FALSE
	EndGlobalSection
	GlobalSection(ExtensibilityGlobals) = postSolution
		SolutionGuid = {83774B53-B872-44AF-BD05-952D48C0F4A4}
	EndGlobalSection
EndGlobal
